
Microsoft Visual Studio Solution File, Format Version 12.00
# Visual Studio 2013
VisualStudioVersion = 12.0.31101.0
MinimumVisualStudioVersion = 10.0.40219.1
Project("{3EF0E601-A88F-4504-97D7-836C4DAEC7E5}") = "VS-FourthCoffee", "VS-FourthCoffee\VS-FourthCoffee.stproj", "{9767CF3D-7BED-4127-B6BC-49FB12771E6A}"
EndProject
Project("{2150E333-8FDC-42A3-9474-1A3956D46DE8}") = "Solution Items", "Solution Items", "{DEF11D37-89C4-40ED-B152-FCF67A3AAD5D}"
	ProjectSection(SolutionItems) = preProject
		.travis.yml = .travis.yml
		berkshelf.json = berkshelf.json
		Rakefile = Rakefile
		VS-FourthCoffee\README.md = VS-FourthCoffee\README.md
	EndProjectSection
EndProject
Project("{2150E333-8FDC-42A3-9474-1A3956D46DE8}") = "test", "test", "{EE7D5895-C1AB-4B95-993A-ADA130F0B863}"
EndProject
Project("{2150E333-8FDC-42A3-9474-1A3956D46DE8}") = "support", "support", "{7DCCA288-67C5-4943-AF94-B43AFDE54F7C}"
	ProjectSection(SolutionItems) = preProject
		VS-FourthCoffee\test\support\Gemfile = VS-FourthCoffee\test\support\Gemfile
	EndProjectSection
EndProject
Project("{2150E333-8FDC-42A3-9474-1A3956D46DE8}") = "deploy", "deploy", "{9F96D093-5532-4029-9362-70A0ED930071}"
	ProjectSection(SolutionItems) = preProject
		..\..\..\travis-ci\galen-travis.enc = ..\..\..\travis-ci\galen-travis.enc
	EndProjectSection
EndProject
Global
	GlobalSection(SolutionConfigurationPlatforms) = preSolution
		Debug|AnyCPU = Debug|AnyCPU
		Release|AnyCPU = Release|AnyCPU
	EndGlobalSection
	GlobalSection(ProjectConfigurationPlatforms) = postSolution
		{9767CF3D-7BED-4127-B6BC-49FB12771E6A}.Debug|AnyCPU.ActiveCfg = Debug|AnyCPU
		{9767CF3D-7BED-4127-B6BC-49FB12771E6A}.Debug|AnyCPU.Build.0 = Debug|AnyCPU
		{9767CF3D-7BED-4127-B6BC-49FB12771E6A}.Release|AnyCPU.ActiveCfg = Release|AnyCPU
		{9767CF3D-7BED-4127-B6BC-49FB12771E6A}.Release|AnyCPU.Build.0 = Release|AnyCPU
	EndGlobalSection
	GlobalSection(SolutionProperties) = preSolution
		HideSolutionNode = FALSE
	EndGlobalSection
	GlobalSection(NestedProjects) = preSolution
		{EE7D5895-C1AB-4B95-993A-ADA130F0B863} = {DEF11D37-89C4-40ED-B152-FCF67A3AAD5D}
		{7DCCA288-67C5-4943-AF94-B43AFDE54F7C} = {EE7D5895-C1AB-4B95-993A-ADA130F0B863}
		{9F96D093-5532-4029-9362-70A0ED930071} = {DEF11D37-89C4-40ED-B152-FCF67A3AAD5D}
	EndGlobalSection
EndGlobal
